{
  "version": 4,
  "terraform_version": "1.9.1",
  "serial": 41,
  "lineage": "de40bb56-573e-3671-c212-0f5115750fa3",
  "outputs": {
    "aws_instance_ip": {
      "value": "3.254.167.253",
      "type": "string"
    }
  },
  "resources": [
    {
      "mode": "managed",
      "type": "aws_instance",
      "name": "db_server",
      "provider": "provider[\"registry.terraform.io/hashicorp/aws\"]",
      "instances": [
        {
          "schema_version": 1,
          "attributes": {
            "ami": "ami-0c38b837cd80f13bb",
            "arn": "arn:aws:ec2:eu-west-1:992382450040:instance/i-08bb03f4d54d4f223",
            "associate_public_ip_address": true,
            "availability_zone": "eu-west-1b",
            "capacity_reservation_specification": [
              {
                "capacity_reservation_preference": "open",
                "capacity_reservation_target": []
              }
            ],
            "cpu_core_count": 2,
            "cpu_options": [
              {
                "amd_sev_snp": "",
                "core_count": 2,
                "threads_per_core": 1
              }
            ],
            "cpu_threads_per_core": 1,
            "credit_specification": [
              {
                "cpu_credits": "standard"
              }
            ],
            "disable_api_stop": false,
            "disable_api_termination": false,
            "ebs_block_device": [],
            "ebs_optimized": false,
            "enclave_options": [
              {
                "enabled": false
              }
            ],
            "ephemeral_block_device": [],
            "get_password_data": false,
            "hibernation": false,
            "host_id": "",
            "host_resource_group_arn": null,
            "iam_instance_profile": "",
            "id": "i-08bb03f4d54d4f223",
            "instance_initiated_shutdown_behavior": "stop",
            "instance_state": "running",
            "instance_type": "t2.large",
            "ipv6_address_count": 0,
            "ipv6_addresses": [],
            "key_name": "deployer-key",
            "launch_template": [],
            "maintenance_options": [
              {
                "auto_recovery": "default"
              }
            ],
            "metadata_options": [
              {
                "http_endpoint": "enabled",
                "http_put_response_hop_limit": 2,
                "http_tokens": "required",
                "instance_metadata_tags": "disabled"
              }
            ],
            "monitoring": false,
            "network_interface": [],
            "outpost_arn": "",
            "password_data": "",
            "placement_group": "",
            "placement_partition_number": 0,
            "primary_network_interface_id": "eni-0b2822205f7ec7a99",
            "private_dns": "ip-172-31-30-110.eu-west-1.compute.internal",
            "private_dns_name_options": [
              {
                "enable_resource_name_dns_a_record": false,
                "enable_resource_name_dns_aaaa_record": false,
                "hostname_type": "ip-name"
              }
            ],
            "private_ip": "172.31.30.110",
            "public_dns": "ec2-3-254-167-253.eu-west-1.compute.amazonaws.com",
            "public_ip": "3.254.167.253",
            "root_block_device": [
              {
                "delete_on_termination": true,
                "device_name": "/dev/sda1",
                "encrypted": true,
                "iops": 100,
                "kms_key_id": "arn:aws:kms:eu-west-1:992382450040:key/02e407ae-2cfb-4370-b4ea-815380c74768",
                "tags": null,
                "throughput": 0,
                "volume_id": "vol-0cefff4d9dca0ff0a",
                "volume_size": 30,
                "volume_type": "gp2"
              }
            ],
            "secondary_private_ips": [],
            "security_groups": [
              "nsg-inbound"
            ],
            "source_dest_check": true,
            "subnet_id": "subnet-003fb955d67cd9907",
            "tags": {
              "Name": "ubuntu-vm"
            },
            "tags_all": {
              "Name": "ubuntu-vm"
            },
            "tenancy": "default",
            "timeouts": null,
            "user_data": "47f843f16784205f3d7359e11b8d96c5debe7df6",
            "user_data_base64": null,
            "user_data_replace_on_change": false,
            "volume_tags": null,
            "vpc_security_group_ids": [
              "sg-073ceb9453e9cb004"
            ]
          },
          "sensitive_attributes": [],
          "private": "eyJlMmJmYjczMC1lY2FhLTExZTYtOGY4OC0zNDM2M2JjN2M0YzAiOnsiY3JlYXRlIjo2MDAwMDAwMDAwMDAsImRlbGV0ZSI6MTIwMDAwMDAwMDAwMCwidXBkYXRlIjo2MDAwMDAwMDAwMDB9LCJzY2hlbWFfdmVyc2lvbiI6IjEifQ==",
          "dependencies": [
            "aws_key_pair.deployer",
            "aws_security_group.network_security_group"
          ]
        }
      ]
    },
    {
      "mode": "managed",
      "type": "aws_key_pair",
      "name": "deployer",
      "provider": "provider[\"registry.terraform.io/hashicorp/aws\"]",
      "instances": [
        {
          "schema_version": 1,
          "attributes": {
            "arn": "arn:aws:ec2:eu-west-1:992382450040:key-pair/deployer-key",
            "fingerprint": "e0:25:be:10:b2:10:d5:db:39:d3:f1:7d:6d:88:79:40",
            "id": "deployer-key",
            "key_name": "deployer-key",
            "key_name_prefix": "",
            "key_pair_id": "key-0728da3a50a1b142b",
            "key_type": "rsa",
            "public_key": "ssh-rsa AAAAB3NzaC1yc2EAAAADAQABAAACAQNwEhQptePrBDL4a/G4OWWPdmCD2Z7rOrnB+2o53KEdz3FzLC8eFrTdwvBFEwTxRla/qDyCr0mHnaZ+RQqKc5BXmpw/f2T+QK7tJPySlnnTjqKw0VQc2tkv5XovxPuoThctso+6rzvqCwx5msojgKDLXyOjsjC2kTrKWTC+qj8Uq8/DrAtPPSJNiOTuA5JxzTuIZlCaZKV20oV1JsBHb+GiSI8jJWKoPfBA5SI0JuamumoOCGK8V+G+DaDlpZDmei/e1Q/7AQvZkt17wJc6OjOGisrFOFipucdfxqS8GiOFpNxnE6hGefbBU/xMvZdSUhFpLyfARjVbdBJKig1AWqaqbBunb97WRxyNNGxyRlAD0tjGW17HQYfZWDAGkrbmQrSTlz1AelL08V6x4QxEKqEkM3mMPADTPKpn2HjYMmuAxk6Ab/MnaXn27U2HJNXFcUCBgh6meIx1/tgv74EX6isFSDfKs/k8YzzYA42tsemIuS5GkFENg0uqQmytlpd7yeoXvdm1VHbUjoaX7eFlldglYKnq17gX+grFpaAPJ+zm1KkkIW34RztJFP6LPdk+TbhjwQKabWFU2WLgc7iRWJ1z8xnR6GUer3B8Ljfk5gbVOXDhGGQx08yxcT3Z24DCZ8ibaE62UyQja1PC7y9Ai1vTF05DKVxDsoduW6scb4ZtxQ== yalect@yalect-LIFEBOOK-A532",
            "tags": null,
            "tags_all": {}
          },
          "sensitive_attributes": [],
          "private": "eyJzY2hlbWFfdmVyc2lvbiI6IjEifQ=="
        }
      ]
    },
    {
      "mode": "managed",
      "type": "aws_security_group",
      "name": "network_security_group",
      "provider": "provider[\"registry.terraform.io/hashicorp/aws\"]",
      "instances": [
        {
          "schema_version": 1,
          "attributes": {
            "arn": "arn:aws:ec2:eu-west-1:992382450040:security-group/sg-073ceb9453e9cb004",
            "description": "Allow TLS inbound traffic",
            "egress": [
              {
                "cidr_blocks": [
                  "0.0.0.0/0"
                ],
                "description": "",
                "from_port": 0,
                "ipv6_cidr_blocks": [],
                "prefix_list_ids": [],
                "protocol": "-1",
                "security_groups": [],
                "self": false,
                "to_port": 0
              }
            ],
            "id": "sg-073ceb9453e9cb004",
            "ingress": [
              {
                "cidr_blocks": [
                  "0.0.0.0/0"
                ],
                "description": "SSH",
                "from_port": 22,
                "ipv6_cidr_blocks": [],
                "prefix_list_ids": [],
                "protocol": "tcp",
                "security_groups": [],
                "self": false,
                "to_port": 22
              }
            ],
            "name": "nsg-inbound",
            "name_prefix": "",
            "owner_id": "992382450040",
            "revoke_rules_on_delete": false,
            "tags": {
              "Name": "allow ssh only"
            },
            "tags_all": {
              "Name": "allow ssh only"
            },
            "timeouts": null,
            "vpc_id": "vpc-05179e576e656c417"
          },
          "sensitive_attributes": [],
          "private": "eyJlMmJmYjczMC1lY2FhLTExZTYtOGY4OC0zNDM2M2JjN2M0YzAiOnsiY3JlYXRlIjo2MDAwMDAwMDAwMDAsImRlbGV0ZSI6OTAwMDAwMDAwMDAwfSwic2NoZW1hX3ZlcnNpb24iOiIxIn0="
        }
      ]
    }
  ],
  "check_results": null
}
